{
    "_readme": [
        "This file locks the dependencies of your project to a known state",
        "Read more about it at http://getcomposer.org/doc/01-basic-usage.md#composer-lock-the-lock-file"
    ],
    "hash": "d8ad4cb4edb618ed0e7d93af588cfde3",
    "packages": [
        {
            "name": "mrclay/minify",
            "version": "2.1.6",
            "source": {
                "type": "git",
                "url": "https://github.com/mrclay/minify.git",
                "reference": "2.1.6"
            },
            "dist": {
                "type": "zip",
                "url": "https://api.github.com/repos/mrclay/minify/zipball/2.1.6",
                "reference": "2.1.6",
                "shasum": ""
            },
            "require": {
                "ext-pcre": "*",
                "php": ">=5.2.1"
            },
            "type": "library",
            "autoload": {
                "classmap": [
                    "min/lib/"
                ]
            },
            "notification-url": "https://packagist.org/downloads/",
            "license": [
                "BSD-3-Clause"
            ],
            "authors": [
                {
                    "name": "Stephen Clay",
                    "email": "steve@mrclay.org",
                    "homepage": "http://www.mrclay.org/",
                    "role": "Developer"
                }
            ],
            "description": "Minify is a PHP5 app that helps you follow several rules for client-side performance. It combines multiple CSS or Javascript files, removes unnecessary whitespace and comments, and serves them with gzip encoding and optimal client-side cache headers",
            "homepage": "http://code.google.com/p/minify/",
            "time": "2013-07-20 02:46:02"
        },
        {
            "name": "rah/rah_autoload",
            "version": "0.2.1",
            "source": {
                "type": "git",
                "url": "https://github.com/gocom/rah_autoload.git",
                "reference": "0.2.1"
            },
            "dist": {
                "type": "zip",
                "url": "https://api.github.com/repos/gocom/rah_autoload/zipball/0.2.1",
                "reference": "0.2.1",
                "shasum": ""
            },
            "require": {
                "php": ">=5.2.0",
                "textpattern/installer": "*",
                "textpattern/lock": ">=4.5.0"
            },
            "type": "textpattern-plugin",
            "notification-url": "https://packagist.org/downloads/",
            "license": [
                "GPL-2.0"
            ],
            "authors": [
                {
                    "name": "Jukka Svahn",
                    "homepage": "http://rahforum.biz",
                    "role": "Developer"
                }
            ],
            "description": "Loads Composer generated autoload files in Textpattern CMS",
            "homepage": "https://github.com/gocom/rah_autoload",
            "keywords": [
                "autoload",
                "dependency",
                "inject",
                "loader",
                "plugin",
                "textpattern"
            ],
            "time": "2013-05-20 11:13:13"
        },
        {
            "name": "rah/rah_beacon",
            "version": "dev-master",
            "source": {
                "type": "git",
                "url": "https://github.com/gocom/rah_beacon.git",
                "reference": "f39b201a665738eafe4735a7340c30eb0a49834f"
            },
            "dist": {
                "type": "zip",
                "url": "https://api.github.com/repos/gocom/rah_beacon/zipball/f39b201a665738eafe4735a7340c30eb0a49834f",
                "reference": "f39b201a665738eafe4735a7340c30eb0a49834f",
                "shasum": ""
            },
            "require": {
                "php": ">=5.2.0",
                "textpattern/installer": "*",
                "textpattern/lock": ">=4.6.0,4.6.*-dev"
            },
            "type": "textpattern-plugin",
            "notification-url": "https://packagist.org/downloads/",
            "license": [
                "GPL-2.0"
            ],
            "authors": [
                {
                    "name": "Jukka Svahn",
                    "homepage": "http://rahforum.biz",
                    "role": "Developer"
                }
            ],
            "description": "Create dynamic alias templates tags from Textpattern CMS' form partials",
            "homepage": "https://github.com/gocom/rah_beacon",
            "keywords": [
                "plugin",
                "tag",
                "template",
                "textpattern"
            ],
            "time": "2013-07-16 17:48:01"
        },
        {
            "name": "rah/rah_cache",
            "version": "0.2.0",
            "source": {
                "type": "git",
                "url": "https://github.com/gocom/rah_cache.git",
                "reference": "0.2.0"
            },
            "dist": {
                "type": "zip",
                "url": "https://api.github.com/repos/gocom/rah_cache/zipball/0.2.0",
                "reference": "0.2.0",
                "shasum": ""
            },
            "require": {
                "php": ">=5.2.0",
                "textpattern/installer": "*",
                "textpattern/lock": ">=4.5.0,<4.7.0"
            },
            "type": "textpattern-plugin",
            "autoload": {
                "psr-0": {
                    "Rah_Cache_": "src/"
                }
            },
            "notification-url": "https://packagist.org/downloads/",
            "license": [
                "GPL-2.0"
            ],
            "authors": [
                {
                    "name": "Jukka Svahn",
                    "homepage": "http://rahforum.biz",
                    "role": "Developer"
                }
            ],
            "description": "Flat full-page caching plugin for Textpattern CMS",
            "homepage": "https://github.com/gocom/rah_cache",
            "keywords": [
                "cache",
                "flat",
                "page",
                "performance",
                "plugin",
                "speed",
                "textpattern"
            ],
            "time": "2013-07-21 13:50:11"
        },
        {
            "name": "rah/rah_cache_minify",
            "version": "0.1.0",
            "source": {
                "type": "git",
                "url": "https://github.com/gocom/rah_cache_minify.git",
                "reference": "0.1.0"
            },
            "dist": {
                "type": "zip",
                "url": "https://api.github.com/repos/gocom/rah_cache_minify/zipball/0.1.0",
                "reference": "0.1.0",
                "shasum": ""
            },
            "require": {
                "mrclay/minify": "2.1.6",
                "php": ">=5.2.0",
                "rah/rah_autoload": "*",
                "rah/rah_cache": "0.2.*",
                "textpattern/installer": "*",
                "textpattern/lock": ">=4.5.0,<4.7.0"
            },
            "type": "textpattern-plugin",
            "notification-url": "https://packagist.org/downloads/",
            "license": [
                "GPL-2.0"
            ],
            "authors": [
                {
                    "name": "Jukka Svahn",
                    "homepage": "http://rahforum.biz",
                    "role": "Developer"
                }
            ],
            "description": "Minify module for rah_cache",
            "homepage": "https://github.com/gocom/rah_cache_minify",
            "keywords": [
                "cache",
                "compress",
                "html",
                "minify",
                "page",
                "plugin",
                "textpattern"
            ],
            "time": "2013-07-21 14:10:08"
        },
        {
            "name": "rah/rah_flat",
            "version": "dev-master",
            "source": {
                "type": "git",
                "url": "https://github.com/gocom/rah_flat.git",
                "reference": "700cb0f04fcd7a609b192ed71dc0d13d3f5d2311"
            },
            "dist": {
                "type": "zip",
                "url": "https://api.github.com/repos/gocom/rah_flat/zipball/700cb0f04fcd7a609b192ed71dc0d13d3f5d2311",
                "reference": "700cb0f04fcd7a609b192ed71dc0d13d3f5d2311",
                "shasum": ""
            },
            "require": {
                "php": ">=5.2.0",
                "textpattern/installer": "*",
                "textpattern/lock": ">=4.5.0,<4.7.0"
            },
            "type": "textpattern-plugin",
            "notification-url": "https://packagist.org/downloads/",
            "license": [
                "GPL-2.0"
            ],
            "authors": [
                {
                    "name": "Jukka Svahn",
                    "homepage": "http://rahforum.biz",
                    "role": "Developer"
                }
            ],
            "description": "Textpattern CMS templates as flat files",
            "homepage": "https://github.com/gocom/rah_flat",
            "keywords": [
                "flat",
                "plugin",
                "template",
                "textpattern"
            ],
            "time": "2013-07-20 21:11:30"
        },
        {
            "name": "textpattern/installer",
            "version": "1.0.4",
            "target-dir": "Textpattern/Composer/Installer",
            "source": {
                "type": "git",
                "url": "https://github.com/gocom/textpattern-installer.git",
                "reference": "1.0.4"
            },
            "dist": {
                "type": "zip",
                "url": "https://api.github.com/repos/gocom/textpattern-installer/zipball/1.0.4",
                "reference": "1.0.4",
                "shasum": ""
            },
            "require": {
                "textpattern/lock": ">=4.5.0"
            },
            "type": "composer-installer",
            "extra": {
                "class": [
                    "Textpattern\\Composer\\Installer\\Installer\\Manifest",
                    "Textpattern\\Composer\\Installer\\Installer\\Package",
                    "Textpattern\\Composer\\Installer\\Installer\\AdminTheme"
                ]
            },
            "autoload": {
                "psr-0": {
                    "Textpattern\\Composer\\Installer\\": ""
                }
            },
            "notification-url": "https://packagist.org/downloads/",
            "license": [
                "GPL-2.0"
            ],
            "authors": [
                {
                    "name": "Jukka Svahn",
                    "homepage": "http://rahforum.biz",
                    "role": "Developer"
                }
            ],
            "description": "Textpattern plugin and theme installer",
            "homepage": "https://github.com/gocom/textpattern-installer",
            "keywords": [
                "installer",
                "plugin",
                "textpattern",
                "theme",
                "txp"
            ],
            "time": "2013-05-12 18:55:45"
        },
        {
            "name": "textpattern/lock",
            "version": "4.6.x-dev",
            "source": {
                "type": "git",
                "url": "https://github.com/gocom/textpattern-lock.git",
                "reference": "5f0913e462a5e28df2cbb8424a47d9b56b4270b0"
            },
            "dist": {
                "type": "zip",
                "url": "https://api.github.com/repos/gocom/textpattern-lock/zipball/5f0913e462a5e28df2cbb8424a47d9b56b4270b0",
                "reference": "5f0913e462a5e28df2cbb8424a47d9b56b4270b0",
                "shasum": ""
            },
            "type": "library",
            "extra": {
                "branch-alias": {
                    "dev-master": "4.x-dev"
                }
            },
            "notification-url": "https://packagist.org/downloads/",
            "license": [
                "GPL-2.0"
            ],
            "description": "Lock your Textpattern CMS version or define package dependencies",
            "homepage": "http://textpattern.com",
            "keywords": [
                "core",
                "meta",
                "textpattern"
            ],
            "time": "2013-05-03 19:41:16"
        }
    ],
    "packages-dev": [

    ],
    "aliases": [

    ],
    "minimum-stability": "stable",
    "stability-flags": {
        "textpattern/lock": 20,
        "rah/rah_flat": 20,
        "rah/rah_beacon": 20
    },
    "platform": [

    ],
    "platform-dev": [

    ]
}
