{
    "_readme": [
        "This file locks the dependencies of your project to a known state",
        "Read more about it at http://getcomposer.org/doc/01-basic-usage.md#composer-lock-the-lock-file"
    ],
    "hash": "237aad1744d5a212df6573b4f025de30",
    "packages": [
        {
            "name": "rah/rah_beacon",
            "version": "dev-master",
            "source": {
                "type": "git",
                "url": "https://github.com/gocom/rah_beacon.git",
                "reference": "f39b201a665738eafe4735a7340c30eb0a49834f"
            },
            "dist": {
                "type": "zip",
                "url": "https://api.github.com/repos/gocom/rah_beacon/zipball/f39b201a665738eafe4735a7340c30eb0a49834f",
                "reference": "f39b201a665738eafe4735a7340c30eb0a49834f",
                "shasum": ""
            },
            "require": {
                "php": ">=5.2.0",
                "textpattern/installer": "*",
                "textpattern/lock": ">=4.6.0,4.6.*-dev"
            },
            "type": "textpattern-plugin",
            "notification-url": "https://packagist.org/downloads/",
            "license": [
                "GPL-2.0"
            ],
            "authors": [
                {
                    "name": "Jukka Svahn",
                    "homepage": "http://rahforum.biz",
                    "role": "Developer"
                }
            ],
            "description": "Create dynamic alias templates tags from Textpattern CMS' form partials",
            "homepage": "https://github.com/gocom/rah_beacon",
            "keywords": [
                "plugin",
                "tag",
                "template",
                "textpattern"
            ],
            "time": "2013-07-16 17:48:01"
        },
        {
            "name": "rah/rah_cache",
            "version": "0.1.0",
            "source": {
                "type": "git",
                "url": "https://github.com/gocom/rah_cache.git",
                "reference": "0.1.0"
            },
            "dist": {
                "type": "zip",
                "url": "https://api.github.com/repos/gocom/rah_cache/zipball/0.1.0",
                "reference": "0.1.0",
                "shasum": ""
            },
            "require": {
                "php": ">=5.2.0",
                "textpattern/installer": "*",
                "textpattern/lock": ">=4.5.0,<4.7.0"
            },
            "type": "textpattern-plugin",
            "autoload": {
                "psr-0": {
                    "Rah_Cache_": "src/"
                }
            },
            "notification-url": "https://packagist.org/downloads/",
            "license": [
                "GPL-2.0"
            ],
            "authors": [
                {
                    "name": "Jukka Svahn",
                    "homepage": "http://rahforum.biz",
                    "role": "Developer"
                }
            ],
            "description": "Flat full-page caching plugin for Textpattern CMS",
            "homepage": "https://github.com/gocom/rah_cache",
            "keywords": [
                "cache",
                "flat",
                "page",
                "performance",
                "plugin",
                "speed",
                "textpattern"
            ],
            "time": "2013-07-20 22:20:00"
        },
        {
            "name": "rah/rah_flat",
            "version": "dev-master",
            "source": {
                "type": "git",
                "url": "https://github.com/gocom/rah_flat.git",
                "reference": "700cb0f04fcd7a609b192ed71dc0d13d3f5d2311"
            },
            "dist": {
                "type": "zip",
                "url": "https://api.github.com/repos/gocom/rah_flat/zipball/700cb0f04fcd7a609b192ed71dc0d13d3f5d2311",
                "reference": "700cb0f04fcd7a609b192ed71dc0d13d3f5d2311",
                "shasum": ""
            },
            "require": {
                "php": ">=5.2.0",
                "textpattern/installer": "*",
                "textpattern/lock": ">=4.5.0,<4.7.0"
            },
            "type": "textpattern-plugin",
            "notification-url": "https://packagist.org/downloads/",
            "license": [
                "GPL-2.0"
            ],
            "authors": [
                {
                    "name": "Jukka Svahn",
                    "homepage": "http://rahforum.biz",
                    "role": "Developer"
                }
            ],
            "description": "Textpattern CMS templates as flat files",
            "homepage": "https://github.com/gocom/rah_flat",
            "keywords": [
                "flat",
                "plugin",
                "template",
                "textpattern"
            ],
            "time": "2013-07-20 21:11:30"
        },
        {
            "name": "textpattern/installer",
            "version": "1.0.4",
            "target-dir": "Textpattern/Composer/Installer",
            "source": {
                "type": "git",
                "url": "https://github.com/gocom/textpattern-installer.git",
                "reference": "1.0.4"
            },
            "dist": {
                "type": "zip",
                "url": "https://api.github.com/repos/gocom/textpattern-installer/zipball/1.0.4",
                "reference": "1.0.4",
                "shasum": ""
            },
            "require": {
                "textpattern/lock": ">=4.5.0"
            },
            "type": "composer-installer",
            "extra": {
                "class": [
                    "Textpattern\\Composer\\Installer\\Installer\\Manifest",
                    "Textpattern\\Composer\\Installer\\Installer\\Package",
                    "Textpattern\\Composer\\Installer\\Installer\\AdminTheme"
                ]
            },
            "autoload": {
                "psr-0": {
                    "Textpattern\\Composer\\Installer\\": ""
                }
            },
            "notification-url": "https://packagist.org/downloads/",
            "license": [
                "GPL-2.0"
            ],
            "authors": [
                {
                    "name": "Jukka Svahn",
                    "homepage": "http://rahforum.biz",
                    "role": "Developer"
                }
            ],
            "description": "Textpattern plugin and theme installer",
            "homepage": "https://github.com/gocom/textpattern-installer",
            "keywords": [
                "installer",
                "plugin",
                "textpattern",
                "theme",
                "txp"
            ],
            "time": "2013-05-12 18:55:45"
        },
        {
            "name": "textpattern/lock",
            "version": "4.6.x-dev",
            "source": {
                "type": "git",
                "url": "https://github.com/gocom/textpattern-lock.git",
                "reference": "5f0913e462a5e28df2cbb8424a47d9b56b4270b0"
            },
            "dist": {
                "type": "zip",
                "url": "https://api.github.com/repos/gocom/textpattern-lock/zipball/5f0913e462a5e28df2cbb8424a47d9b56b4270b0",
                "reference": "5f0913e462a5e28df2cbb8424a47d9b56b4270b0",
                "shasum": ""
            },
            "type": "library",
            "extra": {
                "branch-alias": {
                    "dev-master": "4.x-dev"
                }
            },
            "notification-url": "https://packagist.org/downloads/",
            "license": [
                "GPL-2.0"
            ],
            "description": "Lock your Textpattern CMS version or define package dependencies",
            "homepage": "http://textpattern.com",
            "keywords": [
                "core",
                "meta",
                "textpattern"
            ],
            "time": "2013-05-03 19:41:16"
        }
    ],
    "packages-dev": [

    ],
    "aliases": [

    ],
    "minimum-stability": "stable",
    "stability-flags": {
        "textpattern/lock": 20,
        "rah/rah_flat": 20,
        "rah/rah_beacon": 20
    },
    "platform": [

    ],
    "platform-dev": [

    ]
}
